// !$*UTF8*$!
{
	archiveVersion = 1;
	classes = {
	};
	objectVersion = 51;
	objects = {

/* Begin PBXBuildFile section */
		8FFE734D87939C0D0B21F04F /* Pods_SDOSMovie.framework in Frameworks */ = {isa = PBXBuildFile; fileRef = C1F57DE36199ABA36D83E4E5 /* Pods_SDOSMovie.framework */; };
		FA24F2DA23B75CF600A672DD /* AppDelegate.swift in Sources */ = {isa = PBXBuildFile; fileRef = FA24F2D923B75CF600A672DD /* AppDelegate.swift */; };
		FA24F2DC23B75CF600A672DD /* SceneDelegate.swift in Sources */ = {isa = PBXBuildFile; fileRef = FA24F2DB23B75CF600A672DD /* SceneDelegate.swift */; };
		FA24F2E123B75CF600A672DD /* Main.storyboard in Resources */ = {isa = PBXBuildFile; fileRef = FA24F2DF23B75CF600A672DD /* Main.storyboard */; };
		FA24F2E323B75CF800A672DD /* Assets.xcassets in Resources */ = {isa = PBXBuildFile; fileRef = FA24F2E223B75CF800A672DD /* Assets.xcassets */; };
		FA24F2E623B75CF800A672DD /* LaunchScreen.storyboard in Resources */ = {isa = PBXBuildFile; fileRef = FA24F2E423B75CF800A672DD /* LaunchScreen.storyboard */; };
		FA24F2EF23B7607600A672DD /* APIProtocol.swift in Sources */ = {isa = PBXBuildFile; fileRef = FA24F2EE23B7607600A672DD /* APIProtocol.swift */; };
		FA24F2F223B7610400A672DD /* Constants.swift in Sources */ = {isa = PBXBuildFile; fileRef = FA24F2F123B7610400A672DD /* Constants.swift */; };
		FA24F2F423B761E100A672DD /* MovieAPIService.swift in Sources */ = {isa = PBXBuildFile; fileRef = FA24F2F323B761E100A672DD /* MovieAPIService.swift */; };
		FA24F2F723B766A400A672DD /* SearchResult.swift in Sources */ = {isa = PBXBuildFile; fileRef = FA24F2F623B766A400A672DD /* SearchResult.swift */; };
		FA24F2F923B766CB00A672DD /* Movie.swift in Sources */ = {isa = PBXBuildFile; fileRef = FA24F2F823B766CB00A672DD /* Movie.swift */; };
		FA24F2FB23B766FE00A672DD /* MovieDetail.swift in Sources */ = {isa = PBXBuildFile; fileRef = FA24F2FA23B766FE00A672DD /* MovieDetail.swift */; };
		FA24F2FE23B7689C00A672DD /* UIViewController+Extension.swift in Sources */ = {isa = PBXBuildFile; fileRef = FA24F2FD23B7689C00A672DD /* UIViewController+Extension.swift */; };
		FA24F30023B768D100A672DD /* UITableViewCell+Extension.swift in Sources */ = {isa = PBXBuildFile; fileRef = FA24F2FF23B768D100A672DD /* UITableViewCell+Extension.swift */; };
		FA24F30223B76E3500A672DD /* UIImageView+Extension.swift in Sources */ = {isa = PBXBuildFile; fileRef = FA24F30123B76E3500A672DD /* UIImageView+Extension.swift */; };
		FA24F30523B770A000A672DD /* SearchMovieViewController.swift in Sources */ = {isa = PBXBuildFile; fileRef = FA24F30423B770A000A672DD /* SearchMovieViewController.swift */; };
		FA24F30923B7738D00A672DD /* MovieTableViewCell.swift in Sources */ = {isa = PBXBuildFile; fileRef = FA24F30723B7738D00A672DD /* MovieTableViewCell.swift */; };
		FA24F30A23B7738D00A672DD /* MovieTableViewCell.xib in Resources */ = {isa = PBXBuildFile; fileRef = FA24F30823B7738D00A672DD /* MovieTableViewCell.xib */; };
		FA24F30C23B773E800A672DD /* UIView+Extension.swift in Sources */ = {isa = PBXBuildFile; fileRef = FA24F30B23B773E800A672DD /* UIView+Extension.swift */; };
		FA24F30E23B7898B00A672DD /* LoadingCell.swift in Sources */ = {isa = PBXBuildFile; fileRef = FA24F30D23B7898B00A672DD /* LoadingCell.swift */; };
		FA24F31023B7AF4900A672DD /* EZLoadingActivity.swift in Sources */ = {isa = PBXBuildFile; fileRef = FA24F30F23B7AF4900A672DD /* EZLoadingActivity.swift */; };
		FA24F31623B7BF1800A672DD /* DetailMovieViewController.swift in Sources */ = {isa = PBXBuildFile; fileRef = FA24F31423B7BF1800A672DD /* DetailMovieViewController.swift */; };
		FA24F31723B7BF1800A672DD /* DetailMovieViewController.xib in Resources */ = {isa = PBXBuildFile; fileRef = FA24F31523B7BF1800A672DD /* DetailMovieViewController.xib */; };
		FA24F31923B7C98800A672DD /* MoviesEmptyView.swift in Sources */ = {isa = PBXBuildFile; fileRef = FA24F31823B7C98800A672DD /* MoviesEmptyView.swift */; };
		FA24F31B23B7D3BB00A672DD /* Helpers.swift in Sources */ = {isa = PBXBuildFile; fileRef = FA24F31A23B7D3BB00A672DD /* Helpers.swift */; };
		FA24F31F23B7DC2B00A672DD /* PosterMovieViewController.swift in Sources */ = {isa = PBXBuildFile; fileRef = FA24F31D23B7DC2B00A672DD /* PosterMovieViewController.swift */; };
		FA24F32023B7DC2B00A672DD /* PosterMovieViewController.xib in Resources */ = {isa = PBXBuildFile; fileRef = FA24F31E23B7DC2B00A672DD /* PosterMovieViewController.xib */; };
/* End PBXBuildFile section */

/* Begin PBXFileReference section */
		A5A3DE8864EF100AB5A9EA89 /* Pods-SDOSMovie.release.xcconfig */ = {isa = PBXFileReference; includeInIndex = 1; lastKnownFileType = text.xcconfig; name = "Pods-SDOSMovie.release.xcconfig"; path = "Target Support Files/Pods-SDOSMovie/Pods-SDOSMovie.release.xcconfig"; sourceTree = "<group>"; };
		C1F57DE36199ABA36D83E4E5 /* Pods_SDOSMovie.framework */ = {isa = PBXFileReference; explicitFileType = wrapper.framework; includeInIndex = 0; path = Pods_SDOSMovie.framework; sourceTree = BUILT_PRODUCTS_DIR; };
		C8D7164A65912F00B1F2C6F0 /* Pods-SDOSMovie.debug.xcconfig */ = {isa = PBXFileReference; includeInIndex = 1; lastKnownFileType = text.xcconfig; name = "Pods-SDOSMovie.debug.xcconfig"; path = "Target Support Files/Pods-SDOSMovie/Pods-SDOSMovie.debug.xcconfig"; sourceTree = "<group>"; };
		FA24F2D623B75CF600A672DD /* SDOSMovie.app */ = {isa = PBXFileReference; explicitFileType = wrapper.application; includeInIndex = 0; path = SDOSMovie.app; sourceTree = BUILT_PRODUCTS_DIR; };
		FA24F2D923B75CF600A672DD /* AppDelegate.swift */ = {isa = PBXFileReference; lastKnownFileType = sourcecode.swift; path = AppDelegate.swift; sourceTree = "<group>"; };
		FA24F2DB23B75CF600A672DD /* SceneDelegate.swift */ = {isa = PBXFileReference; lastKnownFileType = sourcecode.swift; path = SceneDelegate.swift; sourceTree = "<group>"; };
		FA24F2E023B75CF600A672DD /* Base */ = {isa = PBXFileReference; lastKnownFileType = file.storyboard; name = Base; path = Base.lproj/Main.storyboard; sourceTree = "<group>"; };
		FA24F2E223B75CF800A672DD /* Assets.xcassets */ = {isa = PBXFileReference; lastKnownFileType = folder.assetcatalog; path = Assets.xcassets; sourceTree = "<group>"; };
		FA24F2E523B75CF800A672DD /* Base */ = {isa = PBXFileReference; lastKnownFileType = file.storyboard; name = Base; path = Base.lproj/LaunchScreen.storyboard; sourceTree = "<group>"; };
		FA24F2E723B75CF800A672DD /* Info.plist */ = {isa = PBXFileReference; lastKnownFileType = text.plist.xml; path = Info.plist; sourceTree = "<group>"; };
		FA24F2EE23B7607600A672DD /* APIProtocol.swift */ = {isa = PBXFileReference; lastKnownFileType = sourcecode.swift; path = APIProtocol.swift; sourceTree = "<group>"; };
		FA24F2F123B7610400A672DD /* Constants.swift */ = {isa = PBXFileReference; lastKnownFileType = sourcecode.swift; path = Constants.swift; sourceTree = "<group>"; };
		FA24F2F323B761E100A672DD /* MovieAPIService.swift */ = {isa = PBXFileReference; lastKnownFileType = sourcecode.swift; path = MovieAPIService.swift; sourceTree = "<group>"; };
		FA24F2F623B766A400A672DD /* SearchResult.swift */ = {isa = PBXFileReference; lastKnownFileType = sourcecode.swift; path = SearchResult.swift; sourceTree = "<group>"; };
		FA24F2F823B766CB00A672DD /* Movie.swift */ = {isa = PBXFileReference; lastKnownFileType = sourcecode.swift; path = Movie.swift; sourceTree = "<group>"; };
		FA24F2FA23B766FE00A672DD /* MovieDetail.swift */ = {isa = PBXFileReference; lastKnownFileType = sourcecode.swift; path = MovieDetail.swift; sourceTree = "<group>"; };
		FA24F2FD23B7689C00A672DD /* UIViewController+Extension.swift */ = {isa = PBXFileReference; lastKnownFileType = sourcecode.swift; path = "UIViewController+Extension.swift"; sourceTree = "<group>"; };
		FA24F2FF23B768D100A672DD /* UITableViewCell+Extension.swift */ = {isa = PBXFileReference; lastKnownFileType = sourcecode.swift; path = "UITableViewCell+Extension.swift"; sourceTree = "<group>"; };
		FA24F30123B76E3500A672DD /* UIImageView+Extension.swift */ = {isa = PBXFileReference; lastKnownFileType = sourcecode.swift; path = "UIImageView+Extension.swift"; sourceTree = "<group>"; };
		FA24F30423B770A000A672DD /* SearchMovieViewController.swift */ = {isa = PBXFileReference; lastKnownFileType = sourcecode.swift; path = SearchMovieViewController.swift; sourceTree = "<group>"; };
		FA24F30723B7738D00A672DD /* MovieTableViewCell.swift */ = {isa = PBXFileReference; lastKnownFileType = sourcecode.swift; path = MovieTableViewCell.swift; sourceTree = "<group>"; };
		FA24F30823B7738D00A672DD /* MovieTableViewCell.xib */ = {isa = PBXFileReference; lastKnownFileType = file.xib; path = MovieTableViewCell.xib; sourceTree = "<group>"; };
		FA24F30B23B773E800A672DD /* UIView+Extension.swift */ = {isa = PBXFileReference; lastKnownFileType = sourcecode.swift; path = "UIView+Extension.swift"; sourceTree = "<group>"; };
		FA24F30D23B7898B00A672DD /* LoadingCell.swift */ = {isa = PBXFileReference; lastKnownFileType = sourcecode.swift; path = LoadingCell.swift; sourceTree = "<group>"; };
		FA24F30F23B7AF4900A672DD /* EZLoadingActivity.swift */ = {isa = PBXFileReference; fileEncoding = 4; lastKnownFileType = sourcecode.swift; path = EZLoadingActivity.swift; sourceTree = "<group>"; };
		FA24F31423B7BF1800A672DD /* DetailMovieViewController.swift */ = {isa = PBXFileReference; lastKnownFileType = sourcecode.swift; path = DetailMovieViewController.swift; sourceTree = "<group>"; };
		FA24F31523B7BF1800A672DD /* DetailMovieViewController.xib */ = {isa = PBXFileReference; lastKnownFileType = file.xib; path = DetailMovieViewController.xib; sourceTree = "<group>"; };
		FA24F31823B7C98800A672DD /* MoviesEmptyView.swift */ = {isa = PBXFileReference; lastKnownFileType = sourcecode.swift; path = MoviesEmptyView.swift; sourceTree = "<group>"; };
		FA24F31A23B7D3BB00A672DD /* Helpers.swift */ = {isa = PBXFileReference; lastKnownFileType = sourcecode.swift; path = Helpers.swift; sourceTree = "<group>"; };
		FA24F31D23B7DC2B00A672DD /* PosterMovieViewController.swift */ = {isa = PBXFileReference; lastKnownFileType = sourcecode.swift; path = PosterMovieViewController.swift; sourceTree = "<group>"; };
		FA24F31E23B7DC2B00A672DD /* PosterMovieViewController.xib */ = {isa = PBXFileReference; lastKnownFileType = file.xib; path = PosterMovieViewController.xib; sourceTree = "<group>"; };
/* End PBXFileReference section */

/* Begin PBXFrameworksBuildPhase section */
		FA24F2D323B75CF600A672DD /* Frameworks */ = {
			isa = PBXFrameworksBuildPhase;
			buildActionMask = 2147483647;
			files = (
				8FFE734D87939C0D0B21F04F /* Pods_SDOSMovie.framework in Frameworks */,
			);
			runOnlyForDeploymentPostprocessing = 0;
		};
/* End PBXFrameworksBuildPhase section */

/* Begin PBXGroup section */
		239FD67AE65B7AE7D4B196DD /* Frameworks */ = {
			isa = PBXGroup;
			children = (
				C1F57DE36199ABA36D83E4E5 /* Pods_SDOSMovie.framework */,
			);
			name = Frameworks;
			sourceTree = "<group>";
		};
		F06DA9D374E9B621AE4B0D3B /* Pods */ = {
			isa = PBXGroup;
			children = (
				C8D7164A65912F00B1F2C6F0 /* Pods-SDOSMovie.debug.xcconfig */,
				A5A3DE8864EF100AB5A9EA89 /* Pods-SDOSMovie.release.xcconfig */,
			);
			path = Pods;
			sourceTree = "<group>";
		};
		FA24F2CD23B75CF600A672DD = {
			isa = PBXGroup;
			children = (
				FA24F2D823B75CF600A672DD /* SDOSMovie */,
				FA24F2D723B75CF600A672DD /* Products */,
				F06DA9D374E9B621AE4B0D3B /* Pods */,
				239FD67AE65B7AE7D4B196DD /* Frameworks */,
			);
			sourceTree = "<group>";
		};
		FA24F2D723B75CF600A672DD /* Products */ = {
			isa = PBXGroup;
			children = (
				FA24F2D623B75CF600A672DD /* SDOSMovie.app */,
			);
			name = Products;
			sourceTree = "<group>";
		};
		FA24F2D823B75CF600A672DD /* SDOSMovie */ = {
			isa = PBXGroup;
			children = (
				FA24F31123B7BAC000A672DD /* Custom views */,
				FA24F2F023B760EE00A672DD /* Configuration */,
				FA24F2FC23B7686B00A672DD /* Extensions */,
				FA24F2F523B7665800A672DD /* Model */,
				FA24F2ED23B75FA600A672DD /* Network */,
				FA24F30323B7705100A672DD /* View Controllers */,
				FA24F30623B7735C00A672DD /* Cells */,
				FA24F2D923B75CF600A672DD /* AppDelegate.swift */,
				FA24F2DB23B75CF600A672DD /* SceneDelegate.swift */,
				FA24F2DF23B75CF600A672DD /* Main.storyboard */,
				FA24F2E223B75CF800A672DD /* Assets.xcassets */,
				FA24F2E423B75CF800A672DD /* LaunchScreen.storyboard */,
				FA24F2E723B75CF800A672DD /* Info.plist */,
			);
			path = SDOSMovie;
			sourceTree = "<group>";
		};
		FA24F2ED23B75FA600A672DD /* Network */ = {
			isa = PBXGroup;
			children = (
				FA24F2EE23B7607600A672DD /* APIProtocol.swift */,
				FA24F2F323B761E100A672DD /* MovieAPIService.swift */,
			);
			path = Network;
			sourceTree = "<group>";
		};
		FA24F2F023B760EE00A672DD /* Configuration */ = {
			isa = PBXGroup;
			children = (
				FA24F2F123B7610400A672DD /* Constants.swift */,
				FA24F31A23B7D3BB00A672DD /* Helpers.swift */,
			);
			path = Configuration;
			sourceTree = "<group>";
		};
		FA24F2F523B7665800A672DD /* Model */ = {
			isa = PBXGroup;
			children = (
				FA24F2F623B766A400A672DD /* SearchResult.swift */,
				FA24F2F823B766CB00A672DD /* Movie.swift */,
				FA24F2FA23B766FE00A672DD /* MovieDetail.swift */,
			);
			path = Model;
			sourceTree = "<group>";
		};
		FA24F2FC23B7686B00A672DD /* Extensions */ = {
			isa = PBXGroup;
			children = (
				FA24F2FD23B7689C00A672DD /* UIViewController+Extension.swift */,
				FA24F2FF23B768D100A672DD /* UITableViewCell+Extension.swift */,
				FA24F30123B76E3500A672DD /* UIImageView+Extension.swift */,
				FA24F30B23B773E800A672DD /* UIView+Extension.swift */,
			);
			path = Extensions;
			sourceTree = "<group>";
		};
		FA24F30323B7705100A672DD /* View Controllers */ = {
			isa = PBXGroup;
			children = (
				FA24F31C23B7DC0D00A672DD /* Poster Movie */,
				FA24F31323B7BECE00A672DD /* Detail Movie */,
				FA24F31223B7BEB700A672DD /* Search Movies */,
			);
			path = "View Controllers";
			sourceTree = "<group>";
		};
		FA24F30623B7735C00A672DD /* Cells */ = {
			isa = PBXGroup;
			children = (
				FA24F30723B7738D00A672DD /* MovieTableViewCell.swift */,
				FA24F30823B7738D00A672DD /* MovieTableViewCell.xib */,
				FA24F30D23B7898B00A672DD /* LoadingCell.swift */,
			);
			path = Cells;
			sourceTree = "<group>";
		};
		FA24F31123B7BAC000A672DD /* Custom views */ = {
			isa = PBXGroup;
			children = (
				FA24F30F23B7AF4900A672DD /* EZLoadingActivity.swift */,
				FA24F31823B7C98800A672DD /* MoviesEmptyView.swift */,
			);
			path = "Custom views";
			sourceTree = "<group>";
		};
		FA24F31223B7BEB700A672DD /* Search Movies */ = {
			isa = PBXGroup;
			children = (
				FA24F30423B770A000A672DD /* SearchMovieViewController.swift */,
			);
			path = "Search Movies";
			sourceTree = "<group>";
		};
		FA24F31323B7BECE00A672DD /* Detail Movie */ = {
			isa = PBXGroup;
			children = (
				FA24F31423B7BF1800A672DD /* DetailMovieViewController.swift */,
				FA24F31523B7BF1800A672DD /* DetailMovieViewController.xib */,
			);
			path = "Detail Movie";
			sourceTree = "<group>";
		};
		FA24F31C23B7DC0D00A672DD /* Poster Movie */ = {
			isa = PBXGroup;
			children = (
				FA24F31D23B7DC2B00A672DD /* PosterMovieViewController.swift */,
				FA24F31E23B7DC2B00A672DD /* PosterMovieViewController.xib */,
			);
			path = "Poster Movie";
			sourceTree = "<group>";
		};
/* End PBXGroup section */

/* Begin PBXNativeTarget section */
		FA24F2D523B75CF600A672DD /* SDOSMovie */ = {
			isa = PBXNativeTarget;
			buildConfigurationList = FA24F2EA23B75CF800A672DD /* Build configuration list for PBXNativeTarget "SDOSMovie" */;
			buildPhases = (
				5D65BCEAB908DE45D66F973A /* [CP] Check Pods Manifest.lock */,
				FA24F2D223B75CF600A672DD /* Sources */,
				FA24F2D323B75CF600A672DD /* Frameworks */,
				FA24F2D423B75CF600A672DD /* Resources */,
				B4403DE6BEAA346E4042B50E /* [CP] Embed Pods Frameworks */,
			);
			buildRules = (
			);
			dependencies = (
			);
			name = SDOSMovie;
			productName = SDOSMovie;
			productReference = FA24F2D623B75CF600A672DD /* SDOSMovie.app */;
			productType = "com.apple.product-type.application";
		};
/* End PBXNativeTarget section */

/* Begin PBXProject section */
		FA24F2CE23B75CF600A672DD /* Project object */ = {
			isa = PBXProject;
			attributes = {
				LastSwiftUpdateCheck = 1130;
				LastUpgradeCheck = 1130;
				ORGANIZATIONNAME = "Alex Ortega";
				TargetAttributes = {
					FA24F2D523B75CF600A672DD = {
						CreatedOnToolsVersion = 11.3;
					};
				};
			};
			buildConfigurationList = FA24F2D123B75CF600A672DD /* Build configuration list for PBXProject "SDOSMovie" */;
			compatibilityVersion = "Xcode 9.3";
			developmentRegion = en;
			hasScannedForEncodings = 0;
			knownRegions = (
				en,
				Base,
			);
			mainGroup = FA24F2CD23B75CF600A672DD;
			productRefGroup = FA24F2D723B75CF600A672DD /* Products */;
			projectDirPath = "";
			projectRoot = "";
			targets = (
				FA24F2D523B75CF600A672DD /* SDOSMovie */,
			);
		};
/* End PBXProject section */

/* Begin PBXResourcesBuildPhase section */
		FA24F2D423B75CF600A672DD /* Resources */ = {
			isa = PBXResourcesBuildPhase;
			buildActionMask = 2147483647;
			files = (
				FA24F2E623B75CF800A672DD /* LaunchScreen.storyboard in Resources */,
				FA24F31723B7BF1800A672DD /* DetailMovieViewController.xib in Resources */,
				FA24F32023B7DC2B00A672DD /* PosterMovieViewController.xib in Resources */,
				FA24F2E323B75CF800A672DD /* Assets.xcassets in Resources */,
				FA24F30A23B7738D00A672DD /* MovieTableViewCell.xib in Resources */,
				FA24F2E123B75CF600A672DD /* Main.storyboard in Resources */,
			);
			runOnlyForDeploymentPostprocessing = 0;
		};
/* End PBXResourcesBuildPhase section */

/* Begin PBXShellScriptBuildPhase section */
		5D65BCEAB908DE45D66F973A /* [CP] Check Pods Manifest.lock */ = {
			isa = PBXShellScriptBuildPhase;
			buildActionMask = 2147483647;
			files = (
			);
			inputFileListPaths = (
			);
			inputPaths = (
				"${PODS_PODFILE_DIR_PATH}/Podfile.lock",
				"${PODS_ROOT}/Manifest.lock",
			);
			name = "[CP] Check Pods Manifest.lock";
			outputFileListPaths = (
			);
			outputPaths = (
				"$(DERIVED_FILE_DIR)/Pods-SDOSMovie-checkManifestLockResult.txt",
			);
			runOnlyForDeploymentPostprocessing = 0;
			shellPath = /bin/sh;
			shellScript = "diff \"${PODS_PODFILE_DIR_PATH}/Podfile.lock\" \"${PODS_ROOT}/Manifest.lock\" > /dev/null\nif [ $? != 0 ] ; then\n    # print error to STDERR\n    echo \"error: The sandbox is not in sync with the Podfile.lock. Run 'pod install' or update your CocoaPods installation.\" >&2\n    exit 1\nfi\n# This output is used by Xcode 'outputs' to avoid re-running this script phase.\necho \"SUCCESS\" > \"${SCRIPT_OUTPUT_FILE_0}\"\n";
			showEnvVarsInLog = 0;
		};
		B4403DE6BEAA346E4042B50E /* [CP] Embed Pods Frameworks */ = {
			isa = PBXShellScriptBuildPhase;
			buildActionMask = 2147483647;
			files = (
			);
			inputFileListPaths = (
				"${PODS_ROOT}/Target Support Files/Pods-SDOSMovie/Pods-SDOSMovie-frameworks-${CONFIGURATION}-input-files.xcfilelist",
			);
			name = "[CP] Embed Pods Frameworks";
			outputFileListPaths = (
				"${PODS_ROOT}/Target Support Files/Pods-SDOSMovie/Pods-SDOSMovie-frameworks-${CONFIGURATION}-output-files.xcfilelist",
			);
			runOnlyForDeploymentPostprocessing = 0;
			shellPath = /bin/sh;
			shellScript = "\"${PODS_ROOT}/Target Support Files/Pods-SDOSMovie/Pods-SDOSMovie-frameworks.sh\"\n";
			showEnvVarsInLog = 0;
		};
/* End PBXShellScriptBuildPhase section */

/* Begin PBXSourcesBuildPhase section */
		FA24F2D223B75CF600A672DD /* Sources */ = {
			isa = PBXSourcesBuildPhase;
			buildActionMask = 2147483647;
			files = (
				FA24F2F223B7610400A672DD /* Constants.swift in Sources */,
				FA24F31B23B7D3BB00A672DD /* Helpers.swift in Sources */,
				FA24F2F723B766A400A672DD /* SearchResult.swift in Sources */,
				FA24F30923B7738D00A672DD /* MovieTableViewCell.swift in Sources */,
				FA24F30C23B773E800A672DD /* UIView+Extension.swift in Sources */,
				FA24F2F423B761E100A672DD /* MovieAPIService.swift in Sources */,
				FA24F2FB23B766FE00A672DD /* MovieDetail.swift in Sources */,
				FA24F2EF23B7607600A672DD /* APIProtocol.swift in Sources */,
				FA24F30523B770A000A672DD /* SearchMovieViewController.swift in Sources */,
				FA24F31623B7BF1800A672DD /* DetailMovieViewController.swift in Sources */,
				FA24F31F23B7DC2B00A672DD /* PosterMovieViewController.swift in Sources */,
				FA24F31923B7C98800A672DD /* MoviesEmptyView.swift in Sources */,
				FA24F30223B76E3500A672DD /* UIImageView+Extension.swift in Sources */,
				FA24F31023B7AF4900A672DD /* EZLoadingActivity.swift in Sources */,
				FA24F30E23B7898B00A672DD /* LoadingCell.swift in Sources */,
				FA24F30023B768D100A672DD /* UITableViewCell+Extension.swift in Sources */,
				FA24F2DA23B75CF600A672DD /* AppDelegate.swift in Sources */,
				FA24F2F923B766CB00A672DD /* Movie.swift in Sources */,
				FA24F2FE23B7689C00A672DD /* UIViewController+Extension.swift in Sources */,
				FA24F2DC23B75CF600A672DD /* SceneDelegate.swift in Sources */,
			);
			runOnlyForDeploymentPostprocessing = 0;
		};
/* End PBXSourcesBuildPhase section */

/* Begin PBXVariantGroup section */
		FA24F2DF23B75CF600A672DD /* Main.storyboard */ = {
			isa = PBXVariantGroup;
			children = (
				FA24F2E023B75CF600A672DD /* Base */,
			);
			name = Main.storyboard;
			sourceTree = "<group>";
		};
		FA24F2E423B75CF800A672DD /* LaunchScreen.storyboard */ = {
			isa = PBXVariantGroup;
			children = (
				FA24F2E523B75CF800A672DD /* Base */,
			);
			name = LaunchScreen.storyboard;
			sourceTree = "<group>";
		};
/* End PBXVariantGroup section */

/* Begin XCBuildConfiguration section */
		FA24F2E823B75CF800A672DD /* Debug */ = {
			isa = XCBuildConfiguration;
			buildSettings = {
				ALWAYS_SEARCH_USER_PATHS = NO;
				CLANG_ANALYZER_NONNULL = YES;
				CLANG_ANALYZER_NUMBER_OBJECT_CONVERSION = YES_AGGRESSIVE;
				CLANG_CXX_LANGUAGE_STANDARD = "gnu++14";
				CLANG_CXX_LIBRARY = "libc++";
				CLANG_ENABLE_MODULES = YES;
				CLANG_ENABLE_OBJC_ARC = YES;
				CLANG_ENABLE_OBJC_WEAK = YES;
				CLANG_WARN_BLOCK_CAPTURE_AUTORELEASING = YES;
				CLANG_WARN_BOOL_CONVERSION = YES;
				CLANG_WARN_COMMA = YES;
				CLANG_WARN_CONSTANT_CONVERSION = YES;
				CLANG_WARN_DEPRECATED_OBJC_IMPLEMENTATIONS = YES;
				CLANG_WARN_DIRECT_OBJC_ISA_USAGE = YES_ERROR;
				CLANG_WARN_DOCUMENTATION_COMMENTS = YES;
				CLANG_WARN_EMPTY_BODY = YES;
				CLANG_WARN_ENUM_CONVERSION = YES;
				CLANG_WARN_INFINITE_RECURSION = YES;
				CLANG_WARN_INT_CONVERSION = YES;
				CLANG_WARN_NON_LITERAL_NULL_CONVERSION = YES;
				CLANG_WARN_OBJC_IMPLICIT_RETAIN_SELF = YES;
				CLANG_WARN_OBJC_LITERAL_CONVERSION = YES;
				CLANG_WARN_OBJC_ROOT_CLASS = YES_ERROR;
				CLANG_WARN_RANGE_LOOP_ANALYSIS = YES;
				CLANG_WARN_STRICT_PROTOTYPES = YES;
				CLANG_WARN_SUSPICIOUS_MOVE = YES;
				CLANG_WARN_UNGUARDED_AVAILABILITY = YES_AGGRESSIVE;
				CLANG_WARN_UNREACHABLE_CODE = YES;
				CLANG_WARN__DUPLICATE_METHOD_MATCH = YES;
				COPY_PHASE_STRIP = NO;
				DEBUG_INFORMATION_FORMAT = dwarf;
				ENABLE_STRICT_OBJC_MSGSEND = YES;
				ENABLE_TESTABILITY = YES;
				GCC_C_LANGUAGE_STANDARD = gnu11;
				GCC_DYNAMIC_NO_PIC = NO;
				GCC_NO_COMMON_BLOCKS = YES;
				GCC_OPTIMIZATION_LEVEL = 0;
				GCC_PREPROCESSOR_DEFINITIONS = (
					"DEBUG=1",
					"$(inherited)",
				);
				GCC_WARN_64_TO_32_BIT_CONVERSION = YES;
				GCC_WARN_ABOUT_RETURN_TYPE = YES_ERROR;
				GCC_WARN_UNDECLARED_SELECTOR = YES;
				GCC_WARN_UNINITIALIZED_AUTOS = YES_AGGRESSIVE;
				GCC_WARN_UNUSED_FUNCTION = YES;
				GCC_WARN_UNUSED_VARIABLE = YES;
				IPHONEOS_DEPLOYMENT_TARGET = 13.2;
				MTL_ENABLE_DEBUG_INFO = INCLUDE_SOURCE;
				MTL_FAST_MATH = YES;
				ONLY_ACTIVE_ARCH = YES;
				SDKROOT = iphoneos;
				SWIFT_ACTIVE_COMPILATION_CONDITIONS = DEBUG;
				SWIFT_OPTIMIZATION_LEVEL = "-Onone";
			};
			name = Debug;
		};
		FA24F2E923B75CF800A672DD /* Release */ = {
			isa = XCBuildConfiguration;
			buildSettings = {
				ALWAYS_SEARCH_USER_PATHS = NO;
				CLANG_ANALYZER_NONNULL = YES;
				CLANG_ANALYZER_NUMBER_OBJECT_CONVERSION = YES_AGGRESSIVE;
				CLANG_CXX_LANGUAGE_STANDARD = "gnu++14";
				CLANG_CXX_LIBRARY = "libc++";
				CLANG_ENABLE_MODULES = YES;
				CLANG_ENABLE_OBJC_ARC = YES;
				CLANG_ENABLE_OBJC_WEAK = YES;
				CLANG_WARN_BLOCK_CAPTURE_AUTORELEASING = YES;
				CLANG_WARN_BOOL_CONVERSION = YES;
				CLANG_WARN_COMMA = YES;
				CLANG_WARN_CONSTANT_CONVERSION = YES;
				CLANG_WARN_DEPRECATED_OBJC_IMPLEMENTATIONS = YES;
				CLANG_WARN_DIRECT_OBJC_ISA_USAGE = YES_ERROR;
				CLANG_WARN_DOCUMENTATION_COMMENTS = YES;
				CLANG_WARN_EMPTY_BODY = YES;
				CLANG_WARN_ENUM_CONVERSION = YES;
				CLANG_WARN_INFINITE_RECURSION = YES;
				CLANG_WARN_INT_CONVERSION = YES;
				CLANG_WARN_NON_LITERAL_NULL_CONVERSION = YES;
				CLANG_WARN_OBJC_IMPLICIT_RETAIN_SELF = YES;
				CLANG_WARN_OBJC_LITERAL_CONVERSION = YES;
				CLANG_WARN_OBJC_ROOT_CLASS = YES_ERROR;
				CLANG_WARN_RANGE_LOOP_ANALYSIS = YES;
				CLANG_WARN_STRICT_PROTOTYPES = YES;
				CLANG_WARN_SUSPICIOUS_MOVE = YES;
				CLANG_WARN_UNGUARDED_AVAILABILITY = YES_AGGRESSIVE;
				CLANG_WARN_UNREACHABLE_CODE = YES;
				CLANG_WARN__DUPLICATE_METHOD_MATCH = YES;
				COPY_PHASE_STRIP = NO;
				DEBUG_INFORMATION_FORMAT = "dwarf-with-dsym";
				ENABLE_NS_ASSERTIONS = NO;
				ENABLE_STRICT_OBJC_MSGSEND = YES;
				GCC_C_LANGUAGE_STANDARD = gnu11;
				GCC_NO_COMMON_BLOCKS = YES;
				GCC_WARN_64_TO_32_BIT_CONVERSION = YES;
				GCC_WARN_ABOUT_RETURN_TYPE = YES_ERROR;
				GCC_WARN_UNDECLARED_SELECTOR = YES;
				GCC_WARN_UNINITIALIZED_AUTOS = YES_AGGRESSIVE;
				GCC_WARN_UNUSED_FUNCTION = YES;
				GCC_WARN_UNUSED_VARIABLE = YES;
				IPHONEOS_DEPLOYMENT_TARGET = 13.2;
				MTL_ENABLE_DEBUG_INFO = NO;
				MTL_FAST_MATH = YES;
				SDKROOT = iphoneos;
				SWIFT_COMPILATION_MODE = wholemodule;
				SWIFT_OPTIMIZATION_LEVEL = "-O";
				VALIDATE_PRODUCT = YES;
			};
			name = Release;
		};
		FA24F2EB23B75CF800A672DD /* Debug */ = {
			isa = XCBuildConfiguration;
			baseConfigurationReference = C8D7164A65912F00B1F2C6F0 /* Pods-SDOSMovie.debug.xcconfig */;
			buildSettings = {
				ASSETCATALOG_COMPILER_APPICON_NAME = AppIcon;
				CODE_SIGN_STYLE = Automatic;
				DEVELOPMENT_TEAM = DNEE23YYUT;
				INFOPLIST_FILE = SDOSMovie/Info.plist;
				LD_RUNPATH_SEARCH_PATHS = (
					"$(inherited)",
					"@executable_path/Frameworks",
				);
				PRODUCT_BUNDLE_IDENTIFIER = com.demo.SDOSMovie;
				PRODUCT_NAME = "$(TARGET_NAME)";
				SWIFT_VERSION = 5.0;
				TARGETED_DEVICE_FAMILY = 1;
			};
			name = Debug;
		};
		FA24F2EC23B75CF800A672DD /* Release */ = {
			isa = XCBuildConfiguration;
			baseConfigurationReference = A5A3DE8864EF100AB5A9EA89 /* Pods-SDOSMovie.release.xcconfig */;
			buildSettings = {
				ASSETCATALOG_COMPILER_APPICON_NAME = AppIcon;
				CODE_SIGN_STYLE = Automatic;
				DEVELOPMENT_TEAM = DNEE23YYUT;
				INFOPLIST_FILE = SDOSMovie/Info.plist;
				LD_RUNPATH_SEARCH_PATHS = (
					"$(inherited)",
					"@executable_path/Frameworks",
				);
				PRODUCT_BUNDLE_IDENTIFIER = com.demo.SDOSMovie;
				PRODUCT_NAME = "$(TARGET_NAME)";
				SWIFT_VERSION = 5.0;
				TARGETED_DEVICE_FAMILY = 1;
			};
			name = Release;
		};
/* End XCBuildConfiguration section */

/* Begin XCConfigurationList section */
		FA24F2D123B75CF600A672DD /* Build configuration list for PBXProject "SDOSMovie" */ = {
			isa = XCConfigurationList;
			buildConfigurations = (
				FA24F2E823B75CF800A672DD /* Debug */,
				FA24F2E923B75CF800A672DD /* Release */,
			);
			defaultConfigurationIsVisible = 0;
			defaultConfigurationName = Release;
		};
		FA24F2EA23B75CF800A672DD /* Build configuration list for PBXNativeTarget "SDOSMovie" */ = {
			isa = XCConfigurationList;
			buildConfigurations = (
				FA24F2EB23B75CF800A672DD /* Debug */,
				FA24F2EC23B75CF800A672DD /* Release */,
			);
			defaultConfigurationIsVisible = 0;
			defaultConfigurationName = Release;
		};
/* End XCConfigurationList section */
	};
	rootObject = FA24F2CE23B75CF600A672DD /* Project object */;
}
